
Microsoft Visual Studio Solution File, Format Version 12.00
# Visual Studio Version 17
VisualStudioVersion = 17.5.002.0
MinimumVisualStudioVersion = 10.0.40219.1
Project("{2150E333-8FDC-42A3-9474-1A3956D46DE8}") = "Aula_1", "Aula_1", "{1F9C36F4-093E-4E82-BE2E-C0DC9CB7C962}"
EndProject
Project("{9A19103F-16F7-4668-BE54-9A1E7A4F7556}") = "Exemplo_1", "Aula_1\Exemplo_1\Exemplo_1.csproj", "{FF7F0A44-E3B0-48A1-83B4-B8D45C71BD04}"
EndProject
Project("{FAE04EC0-301F-11D3-BF4B-00C04F79EFBC}") = "Aula_31", "Aula_31\Aula_31.csproj", "{F247BE12-B165-438A-AC84-300CB73C1936}"
EndProject
Project("{FAE04EC0-301F-11D3-BF4B-00C04F79EFBC}") = "Exercicios1", "Exercicios1\Exercicios1.csproj", "{13B9589C-CCA5-43E1-8E79-36761C4BD156}"
EndProject
Project("{FAE04EC0-301F-11D3-BF4B-00C04F79EFBC}") = "Aula_5", "Aula_5\Aula_5.csproj", "{AEC3D0C1-8530-4BBE-88E8-6141EE8F7571}"
EndProject
Project("{FAE04EC0-301F-11D3-BF4B-00C04F79EFBC}") = "Aula_05", "Aula_05\Aula_05.csproj", "{AE1AAE72-3E0A-4083-8337-A8353DB2CCE7}"
EndProject
Project("{FAE04EC0-301F-11D3-BF4B-00C04F79EFBC}") = "Matriz", "Matriz\Matriz.csproj", "{00BDBC22-1C7E-4C80-AE4B-E2905039BAAA}"
EndProject
Project("{FAE04EC0-301F-11D3-BF4B-00C04F79EFBC}") = "Aula_06", "Aula_06\Aula_06.csproj", "{72A9837C-1D29-47E8-B6E0-0FF616A8EEC4}"
EndProject
Project("{FAE04EC0-301F-11D3-BF4B-00C04F79EFBC}") = "Aula_6", "Aula_6\Aula_6.csproj", "{057CD1A3-C39C-4A1E-BFD0-B9AAE23325ED}"
EndProject
Project("{FAE04EC0-301F-11D3-BF4B-00C04F79EFBC}") = "Aula_08", "Aula_08\Aula_08.csproj", "{5AB9B6B9-C22D-43F8-8D72-81034A1A0456}"
EndProject
Project("{FAE04EC0-301F-11D3-BF4B-00C04F79EFBC}") = "Aula_8", "Aula_8\Aula_8.csproj", "{104F6075-ACDB-4F46-96E6-5B2CBD8799D5}"
EndProject
Project("{FAE04EC0-301F-11D3-BF4B-00C04F79EFBC}") = "Exercicios", "Exercicios\Exercicios.csproj", "{8BCDFDD5-05BB-46CE-A2A6-C94997562586}"
EndProject
Project("{FAE04EC0-301F-11D3-BF4B-00C04F79EFBC}") = "Ex_Aula08", "Ex_Aula08\Ex_Aula08.csproj", "{F6D79A72-B6A0-423D-B020-475FDD8B826C}"
EndProject
Project("{FAE04EC0-301F-11D3-BF4B-00C04F79EFBC}") = "Aula_10", "Aula_10\Aula_10.csproj", "{0D6895B9-4E8F-4A57-B52C-302F38235F3A}"
EndProject
Project("{FAE04EC0-301F-11D3-BF4B-00C04F79EFBC}") = "Aula_9", "Aula_9\Aula_9.csproj", "{9663576F-D485-4FC1-BBCB-7142A1A40196}"
EndProject
Project("{FAE04EC0-301F-11D3-BF4B-00C04F79EFBC}") = "Ex_Aula8", "Ex_Aula8\Ex_Aula8.csproj", "{B6A59B34-69E4-449D-8654-78CCD917B577}"
EndProject
Project("{FAE04EC0-301F-11D3-BF4B-00C04F79EFBC}") = "Aula_09", "Aula_09\Aula_09.csproj", "{E16D95EC-2FB1-499F-B9BA-425DB4966F6B}"
EndProject
Project("{FAE04EC0-301F-11D3-BF4B-00C04F79EFBC}") = "Aula_11", "Aula_11\Aula_11.csproj", "{09476680-4DDC-41E4-8F47-9A4F9E6AB7E1}"
EndProject
Project("{FAE04EC0-301F-11D3-BF4B-00C04F79EFBC}") = "Aula_12", "Aula_12\Aula_12.csproj", "{97B87E3E-EACE-44E8-8C41-A06D62036729}"
EndProject
Project("{FAE04EC0-301F-11D3-BF4B-00C04F79EFBC}") = "Ex_Aula12", "Ex_Aula12\Ex_Aula12.csproj", "{68FBF19A-40AB-4809-A28D-001480133A80}"
EndProject
Project("{FAE04EC0-301F-11D3-BF4B-00C04F79EFBC}") = "Aula_13", "Aula_13\Aula_13.csproj", "{997C5C2F-FC1B-4481-849B-881B9BF8AA30}"
EndProject
Project("{FAE04EC0-301F-11D3-BF4B-00C04F79EFBC}") = "Aula_14", "Aula_14\Aula_14.csproj", "{5ECF4671-8EB8-4687-80DF-8A8543E62BFC}"
EndProject
Project("{FAE04EC0-301F-11D3-BF4B-00C04F79EFBC}") = "Ex_Aula14", "Ex_Aula14\Ex_Aula14.csproj", "{B5C93671-0B49-422B-ADDE-0F1652BC1DD3}"
EndProject
Project("{FAE04EC0-301F-11D3-BF4B-00C04F79EFBC}") = "Aula_15", "Aula_15\Aula_15.csproj", "{C6953AC5-2A88-42E8-8FBE-09E4B7EF3A45}"
EndProject
Project("{FAE04EC0-301F-11D3-BF4B-00C04F79EFBC}") = "Aula_16", "Aula_16\Aula_16.csproj", "{D9894789-DF1D-4A16-9678-35C8A653DA68}"
EndProject
Project("{FAE04EC0-301F-11D3-BF4B-00C04F79EFBC}") = "Aula_16_OO_Herança", "Aula_16_OO_Herança\Aula_16_OO_Herança.csproj", "{2EB8F0A7-ADC9-4BEF-B051-ACF0DE0A0288}"
EndProject
Project("{FAE04EC0-301F-11D3-BF4B-00C04F79EFBC}") = "Aula_16_EX", "Aula_16_EX\Aula_16_EX.csproj", "{260BC768-0A17-4389-98EA-3A9BF2D52F85}"
EndProject
Project("{FAE04EC0-301F-11D3-BF4B-00C04F79EFBC}") = "Aula_17_Abstract", "Aula_17_Abstract\Aula_17_Abstract.csproj", "{EB386586-A05A-4D70-BED9-875E3DB8D88F}"
EndProject
Project("{FAE04EC0-301F-11D3-BF4B-00C04F79EFBC}") = "Aula_17_EX", "Aula_17_EX\Aula_17_EX.csproj", "{49A472B6-EC7B-447E-9532-7F72D521F39E}"
EndProject
Project("{FAE04EC0-301F-11D3-BF4B-00C04F79EFBC}") = "Aula_17_EX2", "Aula_17_EX2\Aula_17_EX2.csproj", "{31757E5F-ED80-44D2-96E2-75ABC65F8A4E}"
EndProject
Project("{FAE04EC0-301F-11D3-BF4B-00C04F79EFBC}") = "Aula_17_OO_Visibility", "Aula_17_OO_Visibility\Aula_17_OO_Visibility.csproj", "{35FC3604-2150-48BD-ACB3-7584D7032A5A}"
EndProject
Project("{FAE04EC0-301F-11D3-BF4B-00C04F79EFBC}") = "Aula_18_OO", "Aula_18_OO\Aula_18_OO.csproj", "{4DE0E20E-1231-4BED-95AB-FFF7F3F012D5}"
EndProject
Project("{FAE04EC0-301F-11D3-BF4B-00C04F79EFBC}") = "Aula_18_Ex", "Aula_18_Ex\Aula_18_Ex.csproj", "{AB874FCB-3566-4B55-A178-F1047B0716CF}"
EndProject
Project("{FAE04EC0-301F-11D3-BF4B-00C04F79EFBC}") = "Aula_19_OO", "Aula_19_OO\Aula_19_OO.csproj", "{FB905C39-93F7-47A2-B48A-1228F2498A8A}"
EndProject
Project("{FAE04EC0-301F-11D3-BF4B-00C04F79EFBC}") = "Aula_19_Ex", "Aula_19_Ex\Aula_19_Ex.csproj", "{9F3C2552-28E6-4E6A-A036-E723BC834DAE}"
EndProject
Project("{FAE04EC0-301F-11D3-BF4B-00C04F79EFBC}") = "Aula_19_OO_Relacoes", "Aula_19_OO_Relacoes\Aula_19_OO_Relacoes.csproj", "{5AD81D7E-95CF-41C1-B22E-5CAD372E80B0}"
EndProject
Project("{FAE04EC0-301F-11D3-BF4B-00C04F79EFBC}") = "Aula_20_OO", "Aula_20_OO\Aula_20_OO.csproj", "{41899E2F-AEEB-4D76-B939-B19F2240BDAE}"
EndProject
Project("{FAE04EC0-301F-11D3-BF4B-00C04F79EFBC}") = "Aula_20_Ex", "Aula_20_Ex\Aula_20_Ex.csproj", "{DA727973-406D-4DEE-9ED7-3AF3B6422F1A}"
EndProject
Project("{FAE04EC0-301F-11D3-BF4B-00C04F79EFBC}") = "ExercicioBiblioteca", "ExercicioBiblioteca\ExercicioBiblioteca.csproj", "{28D033BA-91D3-42D6-896D-226FCDDAABF1}"
EndProject
Project("{FAE04EC0-301F-11D3-BF4B-00C04F79EFBC}") = "Ex02.01", "Ex02.01\Ex02.01.csproj", "{3914A36E-0961-4AA7-9E46-FCA5B26EE393}"
EndProject
Project("{FAE04EC0-301F-11D3-BF4B-00C04F79EFBC}") = "Ex2.02.01", "Ex2.02.01\Ex2.02.01.csproj", "{63D7F4D9-7BAE-417A-8EBC-CC5B41491A86}"
EndProject
Project("{FAE04EC0-301F-11D3-BF4B-00C04F79EFBC}") = "Ex3.02.01", "Ex3.02.01\Ex3.02.01.csproj", "{212BFC1D-B682-440E-A686-DD9DDBFF979B}"
EndProject
Global
	GlobalSection(SolutionConfigurationPlatforms) = preSolution
		Debug|Any CPU = Debug|Any CPU
		Release|Any CPU = Release|Any CPU
	EndGlobalSection
	GlobalSection(ProjectConfigurationPlatforms) = postSolution
		{FF7F0A44-E3B0-48A1-83B4-B8D45C71BD04}.Debug|Any CPU.ActiveCfg = Debug|Any CPU
		{FF7F0A44-E3B0-48A1-83B4-B8D45C71BD04}.Debug|Any CPU.Build.0 = Debug|Any CPU
		{FF7F0A44-E3B0-48A1-83B4-B8D45C71BD04}.Release|Any CPU.ActiveCfg = Release|Any CPU
		{FF7F0A44-E3B0-48A1-83B4-B8D45C71BD04}.Release|Any CPU.Build.0 = Release|Any CPU
		{F247BE12-B165-438A-AC84-300CB73C1936}.Debug|Any CPU.ActiveCfg = Debug|Any CPU
		{F247BE12-B165-438A-AC84-300CB73C1936}.Debug|Any CPU.Build.0 = Debug|Any CPU
		{F247BE12-B165-438A-AC84-300CB73C1936}.Release|Any CPU.ActiveCfg = Release|Any CPU
		{F247BE12-B165-438A-AC84-300CB73C1936}.Release|Any CPU.Build.0 = Release|Any CPU
		{13B9589C-CCA5-43E1-8E79-36761C4BD156}.Debug|Any CPU.ActiveCfg = Debug|Any CPU
		{13B9589C-CCA5-43E1-8E79-36761C4BD156}.Debug|Any CPU.Build.0 = Debug|Any CPU
		{13B9589C-CCA5-43E1-8E79-36761C4BD156}.Release|Any CPU.ActiveCfg = Release|Any CPU
		{13B9589C-CCA5-43E1-8E79-36761C4BD156}.Release|Any CPU.Build.0 = Release|Any CPU
		{AEC3D0C1-8530-4BBE-88E8-6141EE8F7571}.Debug|Any CPU.ActiveCfg = Debug|Any CPU
		{AEC3D0C1-8530-4BBE-88E8-6141EE8F7571}.Debug|Any CPU.Build.0 = Debug|Any CPU
		{AEC3D0C1-8530-4BBE-88E8-6141EE8F7571}.Release|Any CPU.ActiveCfg = Release|Any CPU
		{AEC3D0C1-8530-4BBE-88E8-6141EE8F7571}.Release|Any CPU.Build.0 = Release|Any CPU
		{AE1AAE72-3E0A-4083-8337-A8353DB2CCE7}.Debug|Any CPU.ActiveCfg = Debug|Any CPU
		{AE1AAE72-3E0A-4083-8337-A8353DB2CCE7}.Debug|Any CPU.Build.0 = Debug|Any CPU
		{AE1AAE72-3E0A-4083-8337-A8353DB2CCE7}.Release|Any CPU.ActiveCfg = Release|Any CPU
		{AE1AAE72-3E0A-4083-8337-A8353DB2CCE7}.Release|Any CPU.Build.0 = Release|Any CPU
		{00BDBC22-1C7E-4C80-AE4B-E2905039BAAA}.Debug|Any CPU.ActiveCfg = Debug|Any CPU
		{00BDBC22-1C7E-4C80-AE4B-E2905039BAAA}.Debug|Any CPU.Build.0 = Debug|Any CPU
		{00BDBC22-1C7E-4C80-AE4B-E2905039BAAA}.Release|Any CPU.ActiveCfg = Release|Any CPU
		{00BDBC22-1C7E-4C80-AE4B-E2905039BAAA}.Release|Any CPU.Build.0 = Release|Any CPU
		{72A9837C-1D29-47E8-B6E0-0FF616A8EEC4}.Debug|Any CPU.ActiveCfg = Debug|Any CPU
		{72A9837C-1D29-47E8-B6E0-0FF616A8EEC4}.Debug|Any CPU.Build.0 = Debug|Any CPU
		{72A9837C-1D29-47E8-B6E0-0FF616A8EEC4}.Release|Any CPU.ActiveCfg = Release|Any CPU
		{72A9837C-1D29-47E8-B6E0-0FF616A8EEC4}.Release|Any CPU.Build.0 = Release|Any CPU
		{057CD1A3-C39C-4A1E-BFD0-B9AAE23325ED}.Debug|Any CPU.ActiveCfg = Debug|Any CPU
		{057CD1A3-C39C-4A1E-BFD0-B9AAE23325ED}.Debug|Any CPU.Build.0 = Debug|Any CPU
		{057CD1A3-C39C-4A1E-BFD0-B9AAE23325ED}.Release|Any CPU.ActiveCfg = Release|Any CPU
		{057CD1A3-C39C-4A1E-BFD0-B9AAE23325ED}.Release|Any CPU.Build.0 = Release|Any CPU
		{5AB9B6B9-C22D-43F8-8D72-81034A1A0456}.Debug|Any CPU.ActiveCfg = Debug|Any CPU
		{5AB9B6B9-C22D-43F8-8D72-81034A1A0456}.Debug|Any CPU.Build.0 = Debug|Any CPU
		{5AB9B6B9-C22D-43F8-8D72-81034A1A0456}.Release|Any CPU.ActiveCfg = Release|Any CPU
		{5AB9B6B9-C22D-43F8-8D72-81034A1A0456}.Release|Any CPU.Build.0 = Release|Any CPU
		{104F6075-ACDB-4F46-96E6-5B2CBD8799D5}.Debug|Any CPU.ActiveCfg = Debug|Any CPU
		{104F6075-ACDB-4F46-96E6-5B2CBD8799D5}.Debug|Any CPU.Build.0 = Debug|Any CPU
		{104F6075-ACDB-4F46-96E6-5B2CBD8799D5}.Release|Any CPU.ActiveCfg = Release|Any CPU
		{104F6075-ACDB-4F46-96E6-5B2CBD8799D5}.Release|Any CPU.Build.0 = Release|Any CPU
		{8BCDFDD5-05BB-46CE-A2A6-C94997562586}.Debug|Any CPU.ActiveCfg = Debug|Any CPU
		{8BCDFDD5-05BB-46CE-A2A6-C94997562586}.Debug|Any CPU.Build.0 = Debug|Any CPU
		{8BCDFDD5-05BB-46CE-A2A6-C94997562586}.Release|Any CPU.ActiveCfg = Release|Any CPU
		{8BCDFDD5-05BB-46CE-A2A6-C94997562586}.Release|Any CPU.Build.0 = Release|Any CPU
		{F6D79A72-B6A0-423D-B020-475FDD8B826C}.Debug|Any CPU.ActiveCfg = Debug|Any CPU
		{F6D79A72-B6A0-423D-B020-475FDD8B826C}.Debug|Any CPU.Build.0 = Debug|Any CPU
		{F6D79A72-B6A0-423D-B020-475FDD8B826C}.Release|Any CPU.ActiveCfg = Release|Any CPU
		{F6D79A72-B6A0-423D-B020-475FDD8B826C}.Release|Any CPU.Build.0 = Release|Any CPU
		{0D6895B9-4E8F-4A57-B52C-302F38235F3A}.Debug|Any CPU.ActiveCfg = Debug|Any CPU
		{0D6895B9-4E8F-4A57-B52C-302F38235F3A}.Debug|Any CPU.Build.0 = Debug|Any CPU
		{0D6895B9-4E8F-4A57-B52C-302F38235F3A}.Release|Any CPU.ActiveCfg = Release|Any CPU
		{0D6895B9-4E8F-4A57-B52C-302F38235F3A}.Release|Any CPU.Build.0 = Release|Any CPU
		{9663576F-D485-4FC1-BBCB-7142A1A40196}.Debug|Any CPU.ActiveCfg = Debug|Any CPU
		{9663576F-D485-4FC1-BBCB-7142A1A40196}.Debug|Any CPU.Build.0 = Debug|Any CPU
		{9663576F-D485-4FC1-BBCB-7142A1A40196}.Release|Any CPU.ActiveCfg = Release|Any CPU
		{9663576F-D485-4FC1-BBCB-7142A1A40196}.Release|Any CPU.Build.0 = Release|Any CPU
		{B6A59B34-69E4-449D-8654-78CCD917B577}.Debug|Any CPU.ActiveCfg = Debug|Any CPU
		{B6A59B34-69E4-449D-8654-78CCD917B577}.Debug|Any CPU.Build.0 = Debug|Any CPU
		{B6A59B34-69E4-449D-8654-78CCD917B577}.Release|Any CPU.ActiveCfg = Release|Any CPU
		{B6A59B34-69E4-449D-8654-78CCD917B577}.Release|Any CPU.Build.0 = Release|Any CPU
		{E16D95EC-2FB1-499F-B9BA-425DB4966F6B}.Debug|Any CPU.ActiveCfg = Debug|Any CPU
		{E16D95EC-2FB1-499F-B9BA-425DB4966F6B}.Debug|Any CPU.Build.0 = Debug|Any CPU
		{E16D95EC-2FB1-499F-B9BA-425DB4966F6B}.Release|Any CPU.ActiveCfg = Release|Any CPU
		{E16D95EC-2FB1-499F-B9BA-425DB4966F6B}.Release|Any CPU.Build.0 = Release|Any CPU
		{09476680-4DDC-41E4-8F47-9A4F9E6AB7E1}.Debug|Any CPU.ActiveCfg = Debug|Any CPU
		{09476680-4DDC-41E4-8F47-9A4F9E6AB7E1}.Debug|Any CPU.Build.0 = Debug|Any CPU
		{09476680-4DDC-41E4-8F47-9A4F9E6AB7E1}.Release|Any CPU.ActiveCfg = Release|Any CPU
		{09476680-4DDC-41E4-8F47-9A4F9E6AB7E1}.Release|Any CPU.Build.0 = Release|Any CPU
		{97B87E3E-EACE-44E8-8C41-A06D62036729}.Debug|Any CPU.ActiveCfg = Debug|Any CPU
		{97B87E3E-EACE-44E8-8C41-A06D62036729}.Debug|Any CPU.Build.0 = Debug|Any CPU
		{97B87E3E-EACE-44E8-8C41-A06D62036729}.Release|Any CPU.ActiveCfg = Release|Any CPU
		{97B87E3E-EACE-44E8-8C41-A06D62036729}.Release|Any CPU.Build.0 = Release|Any CPU
		{68FBF19A-40AB-4809-A28D-001480133A80}.Debug|Any CPU.ActiveCfg = Debug|Any CPU
		{68FBF19A-40AB-4809-A28D-001480133A80}.Debug|Any CPU.Build.0 = Debug|Any CPU
		{68FBF19A-40AB-4809-A28D-001480133A80}.Release|Any CPU.ActiveCfg = Release|Any CPU
		{68FBF19A-40AB-4809-A28D-001480133A80}.Release|Any CPU.Build.0 = Release|Any CPU
		{997C5C2F-FC1B-4481-849B-881B9BF8AA30}.Debug|Any CPU.ActiveCfg = Debug|Any CPU
		{997C5C2F-FC1B-4481-849B-881B9BF8AA30}.Debug|Any CPU.Build.0 = Debug|Any CPU
		{997C5C2F-FC1B-4481-849B-881B9BF8AA30}.Release|Any CPU.ActiveCfg = Release|Any CPU
		{997C5C2F-FC1B-4481-849B-881B9BF8AA30}.Release|Any CPU.Build.0 = Release|Any CPU
		{5ECF4671-8EB8-4687-80DF-8A8543E62BFC}.Debug|Any CPU.ActiveCfg = Debug|Any CPU
		{5ECF4671-8EB8-4687-80DF-8A8543E62BFC}.Debug|Any CPU.Build.0 = Debug|Any CPU
		{5ECF4671-8EB8-4687-80DF-8A8543E62BFC}.Release|Any CPU.ActiveCfg = Release|Any CPU
		{5ECF4671-8EB8-4687-80DF-8A8543E62BFC}.Release|Any CPU.Build.0 = Release|Any CPU
		{B5C93671-0B49-422B-ADDE-0F1652BC1DD3}.Debug|Any CPU.ActiveCfg = Debug|Any CPU
		{B5C93671-0B49-422B-ADDE-0F1652BC1DD3}.Debug|Any CPU.Build.0 = Debug|Any CPU
		{B5C93671-0B49-422B-ADDE-0F1652BC1DD3}.Release|Any CPU.ActiveCfg = Release|Any CPU
		{B5C93671-0B49-422B-ADDE-0F1652BC1DD3}.Release|Any CPU.Build.0 = Release|Any CPU
		{C6953AC5-2A88-42E8-8FBE-09E4B7EF3A45}.Debug|Any CPU.ActiveCfg = Debug|Any CPU
		{C6953AC5-2A88-42E8-8FBE-09E4B7EF3A45}.Debug|Any CPU.Build.0 = Debug|Any CPU
		{C6953AC5-2A88-42E8-8FBE-09E4B7EF3A45}.Release|Any CPU.ActiveCfg = Release|Any CPU
		{C6953AC5-2A88-42E8-8FBE-09E4B7EF3A45}.Release|Any CPU.Build.0 = Release|Any CPU
		{D9894789-DF1D-4A16-9678-35C8A653DA68}.Debug|Any CPU.ActiveCfg = Debug|Any CPU
		{D9894789-DF1D-4A16-9678-35C8A653DA68}.Debug|Any CPU.Build.0 = Debug|Any CPU
		{D9894789-DF1D-4A16-9678-35C8A653DA68}.Release|Any CPU.ActiveCfg = Release|Any CPU
		{D9894789-DF1D-4A16-9678-35C8A653DA68}.Release|Any CPU.Build.0 = Release|Any CPU
		{2EB8F0A7-ADC9-4BEF-B051-ACF0DE0A0288}.Debug|Any CPU.ActiveCfg = Debug|Any CPU
		{2EB8F0A7-ADC9-4BEF-B051-ACF0DE0A0288}.Debug|Any CPU.Build.0 = Debug|Any CPU
		{2EB8F0A7-ADC9-4BEF-B051-ACF0DE0A0288}.Release|Any CPU.ActiveCfg = Release|Any CPU
		{2EB8F0A7-ADC9-4BEF-B051-ACF0DE0A0288}.Release|Any CPU.Build.0 = Release|Any CPU
		{260BC768-0A17-4389-98EA-3A9BF2D52F85}.Debug|Any CPU.ActiveCfg = Debug|Any CPU
		{260BC768-0A17-4389-98EA-3A9BF2D52F85}.Debug|Any CPU.Build.0 = Debug|Any CPU
		{260BC768-0A17-4389-98EA-3A9BF2D52F85}.Release|Any CPU.ActiveCfg = Release|Any CPU
		{260BC768-0A17-4389-98EA-3A9BF2D52F85}.Release|Any CPU.Build.0 = Release|Any CPU
		{EB386586-A05A-4D70-BED9-875E3DB8D88F}.Debug|Any CPU.ActiveCfg = Debug|Any CPU
		{EB386586-A05A-4D70-BED9-875E3DB8D88F}.Debug|Any CPU.Build.0 = Debug|Any CPU
		{EB386586-A05A-4D70-BED9-875E3DB8D88F}.Release|Any CPU.ActiveCfg = Release|Any CPU
		{EB386586-A05A-4D70-BED9-875E3DB8D88F}.Release|Any CPU.Build.0 = Release|Any CPU
		{49A472B6-EC7B-447E-9532-7F72D521F39E}.Debug|Any CPU.ActiveCfg = Debug|Any CPU
		{49A472B6-EC7B-447E-9532-7F72D521F39E}.Debug|Any CPU.Build.0 = Debug|Any CPU
		{49A472B6-EC7B-447E-9532-7F72D521F39E}.Release|Any CPU.ActiveCfg = Release|Any CPU
		{49A472B6-EC7B-447E-9532-7F72D521F39E}.Release|Any CPU.Build.0 = Release|Any CPU
		{31757E5F-ED80-44D2-96E2-75ABC65F8A4E}.Debug|Any CPU.ActiveCfg = Debug|Any CPU
		{31757E5F-ED80-44D2-96E2-75ABC65F8A4E}.Debug|Any CPU.Build.0 = Debug|Any CPU
		{31757E5F-ED80-44D2-96E2-75ABC65F8A4E}.Release|Any CPU.ActiveCfg = Release|Any CPU
		{31757E5F-ED80-44D2-96E2-75ABC65F8A4E}.Release|Any CPU.Build.0 = Release|Any CPU
		{35FC3604-2150-48BD-ACB3-7584D7032A5A}.Debug|Any CPU.ActiveCfg = Debug|Any CPU
		{35FC3604-2150-48BD-ACB3-7584D7032A5A}.Debug|Any CPU.Build.0 = Debug|Any CPU
		{35FC3604-2150-48BD-ACB3-7584D7032A5A}.Release|Any CPU.ActiveCfg = Release|Any CPU
		{35FC3604-2150-48BD-ACB3-7584D7032A5A}.Release|Any CPU.Build.0 = Release|Any CPU
		{4DE0E20E-1231-4BED-95AB-FFF7F3F012D5}.Debug|Any CPU.ActiveCfg = Debug|Any CPU
		{4DE0E20E-1231-4BED-95AB-FFF7F3F012D5}.Debug|Any CPU.Build.0 = Debug|Any CPU
		{4DE0E20E-1231-4BED-95AB-FFF7F3F012D5}.Release|Any CPU.ActiveCfg = Release|Any CPU
		{4DE0E20E-1231-4BED-95AB-FFF7F3F012D5}.Release|Any CPU.Build.0 = Release|Any CPU
		{AB874FCB-3566-4B55-A178-F1047B0716CF}.Debug|Any CPU.ActiveCfg = Debug|Any CPU
		{AB874FCB-3566-4B55-A178-F1047B0716CF}.Debug|Any CPU.Build.0 = Debug|Any CPU
		{AB874FCB-3566-4B55-A178-F1047B0716CF}.Release|Any CPU.ActiveCfg = Release|Any CPU
		{AB874FCB-3566-4B55-A178-F1047B0716CF}.Release|Any CPU.Build.0 = Release|Any CPU
		{FB905C39-93F7-47A2-B48A-1228F2498A8A}.Debug|Any CPU.ActiveCfg = Debug|Any CPU
		{FB905C39-93F7-47A2-B48A-1228F2498A8A}.Debug|Any CPU.Build.0 = Debug|Any CPU
		{FB905C39-93F7-47A2-B48A-1228F2498A8A}.Release|Any CPU.ActiveCfg = Release|Any CPU
		{FB905C39-93F7-47A2-B48A-1228F2498A8A}.Release|Any CPU.Build.0 = Release|Any CPU
		{9F3C2552-28E6-4E6A-A036-E723BC834DAE}.Debug|Any CPU.ActiveCfg = Debug|Any CPU
		{9F3C2552-28E6-4E6A-A036-E723BC834DAE}.Debug|Any CPU.Build.0 = Debug|Any CPU
		{9F3C2552-28E6-4E6A-A036-E723BC834DAE}.Release|Any CPU.ActiveCfg = Release|Any CPU
		{9F3C2552-28E6-4E6A-A036-E723BC834DAE}.Release|Any CPU.Build.0 = Release|Any CPU
		{5AD81D7E-95CF-41C1-B22E-5CAD372E80B0}.Debug|Any CPU.ActiveCfg = Debug|Any CPU
		{5AD81D7E-95CF-41C1-B22E-5CAD372E80B0}.Debug|Any CPU.Build.0 = Debug|Any CPU
		{5AD81D7E-95CF-41C1-B22E-5CAD372E80B0}.Release|Any CPU.ActiveCfg = Release|Any CPU
		{5AD81D7E-95CF-41C1-B22E-5CAD372E80B0}.Release|Any CPU.Build.0 = Release|Any CPU
		{41899E2F-AEEB-4D76-B939-B19F2240BDAE}.Debug|Any CPU.ActiveCfg = Debug|Any CPU
		{41899E2F-AEEB-4D76-B939-B19F2240BDAE}.Debug|Any CPU.Build.0 = Debug|Any CPU
		{41899E2F-AEEB-4D76-B939-B19F2240BDAE}.Release|Any CPU.ActiveCfg = Release|Any CPU
		{41899E2F-AEEB-4D76-B939-B19F2240BDAE}.Release|Any CPU.Build.0 = Release|Any CPU
		{DA727973-406D-4DEE-9ED7-3AF3B6422F1A}.Debug|Any CPU.ActiveCfg = Debug|Any CPU
		{DA727973-406D-4DEE-9ED7-3AF3B6422F1A}.Debug|Any CPU.Build.0 = Debug|Any CPU
		{DA727973-406D-4DEE-9ED7-3AF3B6422F1A}.Release|Any CPU.ActiveCfg = Release|Any CPU
		{DA727973-406D-4DEE-9ED7-3AF3B6422F1A}.Release|Any CPU.Build.0 = Release|Any CPU
		{28D033BA-91D3-42D6-896D-226FCDDAABF1}.Debug|Any CPU.ActiveCfg = Debug|Any CPU
		{28D033BA-91D3-42D6-896D-226FCDDAABF1}.Debug|Any CPU.Build.0 = Debug|Any CPU
		{28D033BA-91D3-42D6-896D-226FCDDAABF1}.Release|Any CPU.ActiveCfg = Release|Any CPU
		{28D033BA-91D3-42D6-896D-226FCDDAABF1}.Release|Any CPU.Build.0 = Release|Any CPU
		{3914A36E-0961-4AA7-9E46-FCA5B26EE393}.Debug|Any CPU.ActiveCfg = Debug|Any CPU
		{3914A36E-0961-4AA7-9E46-FCA5B26EE393}.Debug|Any CPU.Build.0 = Debug|Any CPU
		{3914A36E-0961-4AA7-9E46-FCA5B26EE393}.Release|Any CPU.ActiveCfg = Release|Any CPU
		{3914A36E-0961-4AA7-9E46-FCA5B26EE393}.Release|Any CPU.Build.0 = Release|Any CPU
		{63D7F4D9-7BAE-417A-8EBC-CC5B41491A86}.Debug|Any CPU.ActiveCfg = Debug|Any CPU
		{63D7F4D9-7BAE-417A-8EBC-CC5B41491A86}.Debug|Any CPU.Build.0 = Debug|Any CPU
		{63D7F4D9-7BAE-417A-8EBC-CC5B41491A86}.Release|Any CPU.ActiveCfg = Release|Any CPU
		{63D7F4D9-7BAE-417A-8EBC-CC5B41491A86}.Release|Any CPU.Build.0 = Release|Any CPU
		{212BFC1D-B682-440E-A686-DD9DDBFF979B}.Debug|Any CPU.ActiveCfg = Debug|Any CPU
		{212BFC1D-B682-440E-A686-DD9DDBFF979B}.Debug|Any CPU.Build.0 = Debug|Any CPU
		{212BFC1D-B682-440E-A686-DD9DDBFF979B}.Release|Any CPU.ActiveCfg = Release|Any CPU
		{212BFC1D-B682-440E-A686-DD9DDBFF979B}.Release|Any CPU.Build.0 = Release|Any CPU
	EndGlobalSection
	GlobalSection(SolutionProperties) = preSolution
		HideSolutionNode = FALSE
	EndGlobalSection
	GlobalSection(NestedProjects) = preSolution
		{FF7F0A44-E3B0-48A1-83B4-B8D45C71BD04} = {1F9C36F4-093E-4E82-BE2E-C0DC9CB7C962}
	EndGlobalSection
	GlobalSection(ExtensibilityGlobals) = postSolution
		SolutionGuid = {5D961A45-5D70-454A-B6ED-00949AAB7ABC}
	EndGlobalSection
EndGlobal
